
Microsoft Visual Studio Solution File, Format Version 12.00
# Visual Studio Version 17
VisualStudioVersion = 17.6.33815.320
MinimumVisualStudioVersion = 10.0.40219.1
Project("{FAE04EC0-301F-11D3-BF4B-00C04F79EFBC}") = "AutoClick", "AutoClick\AutoClick.csproj", "{00E0EF68-5D23-4EC1-BF2F-BDE23F6F0AAD}"
EndProject
Global
	GlobalSection(SolutionConfigurationPlatforms) = preSolution
		Debug|Any CPU = Debug|Any CPU
		Release|Any CPU = Release|Any CPU
	EndGlobalSection
	GlobalSection(ProjectConfigurationPlatforms) = postSolution
		{00E0EF68-5D23-4EC1-BF2F-BDE23F6F0AAD}.Debug|Any CPU.ActiveCfg = Debug|Any CPU
		{00E0EF68-5D23-4EC1-BF2F-BDE23F6F0AAD}.Debug|Any CPU.Build.0 = Debug|Any CPU
		{00E0EF68-5D23-4EC1-BF2F-BDE23F6F0AAD}.Release|Any CPU.ActiveCfg = Release|Any CPU
		{00E0EF68-5D23-4EC1-BF2F-BDE23F6F0AAD}.Release|Any CPU.Build.0 = Release|Any CPU
	EndGlobalSection
	GlobalSection(SolutionProperties) = preSolution
		HideSolutionNode = FALSE
	EndGlobalSection
	GlobalSection(ExtensibilityGlobals) = postSolution
		SolutionGuid = {41AA4EEF-B638-4DAF-A2E3-4A8AE93F805E}
	EndGlobalSection
EndGlobal
